
Microsoft Visual Studio Solution File, Format Version 12.00
# Visual Studio Version 17
VisualStudioVersion = 17.3.32929.385
MinimumVisualStudioVersion = 10.0.40219.1
Project("{9A19103F-16F7-4668-BE54-9A1E7A4F7556}") = "2_804_Unique_Morse_Representations", "2_804_Unique_Morse_Representations\2_804_Unique_Morse_Representations.csproj", "{D0D76DB2-2946-4D60-B4A3-551AC7C6EE5C}"
EndProject
Project("{9A19103F-16F7-4668-BE54-9A1E7A4F7556}") = "1_771_Jewels_And_Stones", "1_771_Jewels_And_Stones\1_771_Jewels_And_Stones.csproj", "{CDF023FC-7132-438F-A20C-357DC20C32B0}"
EndProject
Project("{9A19103F-16F7-4668-BE54-9A1E7A4F7556}") = "132_1_Two_Sum", "132_1_Two_Sum\132_1_Two_Sum.csproj", "{709B28D9-5103-4368-89C9-6608E6981382}"
EndProject
Project("{9A19103F-16F7-4668-BE54-9A1E7A4F7556}") = "3_461_Hamming_Distance", "3_461_Hamming_Distance\3_461_Hamming_Distance.csproj", "{4699DC67-878C-450C-9158-6A862E3BD7AC}"
EndProject
Project("{9A19103F-16F7-4668-BE54-9A1E7A4F7556}") = "5_617_Merge_Trees", "5_617_Merge_Trees\5_617_Merge_Trees.csproj", "{18D79718-3E59-4C28-9EB2-548A320BD26E}"
EndProject
Project("{9A19103F-16F7-4668-BE54-9A1E7A4F7556}") = "6_728_Self_Dividing_Numbers", "6_728_Self_Dividing_Numbers\6_728_Self_Dividing_Numbers.csproj", "{B7C54586-FF63-4B79-8E96-A76A129C0D64}"
EndProject
Project("{9A19103F-16F7-4668-BE54-9A1E7A4F7556}") = "10_476_Find_Complement", "10_476_Find_Complement\10_476_Find_Complement.csproj", "{1202F0DD-C347-4313-AD46-88168FBADBB6}"
EndProject
Project("{9A19103F-16F7-4668-BE54-9A1E7A4F7556}") = "11_832_Flip_And_Invert_Image", "11_832_Flip_And_Invert_Image\11_832_Flip_And_Invert_Image.csproj", "{3797C3FF-321E-4846-9685-B6353EBC9912}"
EndProject
Project("{9A19103F-16F7-4668-BE54-9A1E7A4F7556}") = "13_344_Reverse_String", "13_344_Reverse_String\13_344_Reverse_String.csproj", "{B3775371-20BC-4460-AA75-3624334D222F}"
EndProject
Project("{9A19103F-16F7-4668-BE54-9A1E7A4F7556}") = "31_136_Single_Number", "31_136_Single_Number\31_136_Single_Number.csproj", "{F0CC3A4E-DEC6-478C-9CD9-66027EF27DBE}"
EndProject
Project("{9A19103F-16F7-4668-BE54-9A1E7A4F7556}") = "18_412_Fizz_Buzz", "18_412_Fizz_Buzz\18_412_Fizz_Buzz.csproj", "{98616B51-95BC-4FDD-AF85-615453186E12}"
EndProject
Project("{9A19103F-16F7-4668-BE54-9A1E7A4F7556}") = "14_844_Backspace_Compare", "14_844_Backspace_Compare\14_844_Backspace_Compare.csproj", "{B5D32FC5-37D3-4D4B-9917-40A936DEC503}"
EndProject
Project("{9A19103F-16F7-4668-BE54-9A1E7A4F7556}") = "12_557_Reverse_Words", "12_557_Reverse_Words\12_557_Reverse_Words.csproj", "{7A69E972-E8B5-4630-8DC3-E4D0BC9B3458}"
EndProject
Project("{9A19103F-16F7-4668-BE54-9A1E7A4F7556}") = "15_500_Find_Words", "15_500_Find_Words\15_500_Find_Words.csproj", "{9FFFFCA4-D12A-4D99-9D41-1B669342C422}"
EndProject
Project("{9A19103F-16F7-4668-BE54-9A1E7A4F7556}") = "16_682_Cal_Points", "16_682_Cal_Points\16_682_Cal_Points.csproj", "{F692133C-E7B1-428B-9885-826FEE6CEACB}"
EndProject
Project("{9A19103F-16F7-4668-BE54-9A1E7A4F7556}") = "17_669_Trim_BST", "17_669_Trim_BST\17_669_Trim_BST.csproj", "{427B2E95-4AF7-4E86-953E-1C1E7031DE27}"
EndProject
Project("{9A19103F-16F7-4668-BE54-9A1E7A4F7556}") = "4_1431_Kids_With_Candies", "4_1431_Kids_With_Candies\4_1431_Kids_With_Candies.csproj", "{1037CD13-8649-4E13-9125-DECD4A4FF6C7}"
EndProject
Project("{9A19103F-16F7-4668-BE54-9A1E7A4F7556}") = "59_13_RomanToInt", "59_13_RomanToInt\59_13_RomanToInt.csproj", "{7D77F1EA-DB33-440A-B432-853F1CDB8269}"
EndProject
Project("{9A19103F-16F7-4668-BE54-9A1E7A4F7556}") = "7_561_Array_Pair_Sum", "7_561_Array_Pair_Sum\7_561_Array_Pair_Sum.csproj", "{E7E53152-B445-4284-B9A6-9CBCBD29FCF1}"
EndProject
Project("{9A19103F-16F7-4668-BE54-9A1E7A4F7556}") = "43_389_Find_The_Difference", "43_389_Find_The_Difference\43_389_Find_The_Difference.csproj", "{FE68E411-6334-497D-AABF-58F991EE16C0}"
EndProject
Project("{9A19103F-16F7-4668-BE54-9A1E7A4F7556}") = "72_206_Reverse_List", "72_206_Reverse_List\72_206_Reverse_List.csproj", "{D441A5A9-B546-4EBB-965B-CC98254A1F5B}"
EndProject
Project("{9A19103F-16F7-4668-BE54-9A1E7A4F7556}") = "57_383_Can_Construct", "57_383_Can_Construct\57_383_Can_Construct.csproj", "{0FA92E28-63CF-4DE2-B88B-F0C9B826CCA4}"
EndProject
Project("{9A19103F-16F7-4668-BE54-9A1E7A4F7556}") = "134_443_Compress", "134_443_Compress\134_443_Compress.csproj", "{CE0BB64A-EDA8-4E66-9B88-73C5947F4C07}"
EndProject
Project("{9A19103F-16F7-4668-BE54-9A1E7A4F7556}") = "19_575_Distribute_Candies", "19_575_Distribute_Candies\19_575_Distribute_Candies.csproj", "{AAAA3FBA-A941-47FB-8D0E-43BE7E73031D}"
EndProject
Project("{9A19103F-16F7-4668-BE54-9A1E7A4F7556}") = "21_852_Peak_Index_In_Mountain_Array", "21_852_Peak_Index_In_Mountain_Array\21_852_Peak_Index_In_Mountain_Array.csproj", "{7B0EB626-4CE5-4B6B-ABCA-7712846DC426}"
EndProject
Project("{9A19103F-16F7-4668-BE54-9A1E7A4F7556}") = "8_824_To_Goat_Latin", "8_824_To_Goat_Latin\8_824_To_Goat_Latin.csproj", "{6033B9A5-8383-4045-B10E-426982355C06}"
EndProject
Project("{9A19103F-16F7-4668-BE54-9A1E7A4F7556}") = "36_690_Get_Importance", "36_690_Get_Importance\36_690_Get_Importance.csproj", "{882EE6FF-1BAD-4655-AD7A-16774A5EBACA}"
EndProject
Project("{9A19103F-16F7-4668-BE54-9A1E7A4F7556}") = "9_766_Is_Toeplitz_Matrix", "9_766_Is_Toeplitz_Matrix\9_766_Is_Toeplitz_Matrix.csproj", "{83E86226-5522-4382-A99F-882ACFDA2369}"
EndProject
Project("{9A19103F-16F7-4668-BE54-9A1E7A4F7556}") = "20_566_Matrix_Reshape", "20_566_Matrix_Reshape\20_566_Matrix_Reshape.csproj", "{A2D35E97-DFD3-4353-9004-E616F424958A}"
EndProject
Project("{9A19103F-16F7-4668-BE54-9A1E7A4F7556}") = "50_598_Max_Count", "50_598_Max_Count\50_598_Max_Count.csproj", "{856C8E0B-5F8B-4B23-AEBF-1AF5723A99FF}"
EndProject
Project("{9A19103F-16F7-4668-BE54-9A1E7A4F7556}") = "55_349_Intersection", "55_349_Intersection\55_349_Intersection.csproj", "{2A7F0AB9-4C19-4255-B76B-581050DD1C5A}"
EndProject
Project("{9A19103F-16F7-4668-BE54-9A1E7A4F7556}") = "51_492_Construct_Rectangle", "51_492_Construct_Rectangle\51_492_Construct_Rectangle.csproj", "{317C4C90-F041-4A3C-9D5E-88333FEDDFFC}"
EndProject
Project("{9A19103F-16F7-4668-BE54-9A1E7A4F7556}") = "71_217_Contains_Duplicate", "71_217_Contains_Duplicate\71_217_Contains_Duplicate.csproj", "{BE1EF582-8679-44C6-882F-408FD1DE2606}"
EndProject
Project("{9A19103F-16F7-4668-BE54-9A1E7A4F7556}") = "29_876_Middle_Node", "29_876_Middle_Node\29_876_Middle_Node.csproj", "{FAFFB2D2-5F3F-4855-BF1F-A06A97D4F3D2}"
EndProject
Project("{9A19103F-16F7-4668-BE54-9A1E7A4F7556}") = "25_496_Next_Greater_Element", "25_496_Next_Greater_Element\25_496_Next_Greater_Element.csproj", "{6D702EB4-92F4-42E9-82A9-072A0C38D34D}"
EndProject
Project("{9A19103F-16F7-4668-BE54-9A1E7A4F7556}") = "34_884_Uncommon_From_Sentences", "34_884_Uncommon_From_Sentences\34_884_Uncommon_From_Sentences.csproj", "{E1FBA6C7-5F66-4F41-BF2A-C7E08AA58786}"
EndProject
Project("{9A19103F-16F7-4668-BE54-9A1E7A4F7556}") = "44_371_Get_Sum", "44_371_Get_Sum\44_371_Get_Sum.csproj", "{DC3DFC9C-0EA0-45F9-8324-0371041AD2FF}"
EndProject
Project("{9A19103F-16F7-4668-BE54-9A1E7A4F7556}") = "54_453_Min_Moves", "54_453_Min_Moves\54_453_Min_Moves.csproj", "{DD93FBD6-20B6-4A42-9A27-6CCC62B6B5ED}"
EndProject
Project("{9A19103F-16F7-4668-BE54-9A1E7A4F7556}") = "64_167_Two_Sum", "64_167_Two_Sum\64_167_Two_Sum.csproj", "{AB4FE9BA-1BD2-467D-B736-438BF3F8909C}"
EndProject
Project("{9A19103F-16F7-4668-BE54-9A1E7A4F7556}") = "74_905_Sort_Array_By_Parity", "74_905_Sort_Array_By_Parity\74_905_Sort_Array_By_Parity.csproj", "{51235A51-EC3C-48D0-8AFF-7DEB631E4269}"
EndProject
Project("{9A19103F-16F7-4668-BE54-9A1E7A4F7556}") = "84_551_Check_Record", "84_551_Check_Record\84_551_Check_Record.csproj", "{5194FEA8-460D-4E8C-92B1-8A29756B5299}"
EndProject
Project("{9A19103F-16F7-4668-BE54-9A1E7A4F7556}") = "94_415_Add_Strings", "94_415_Add_Strings\94_415_Add_Strings.csproj", "{EB9B0564-0F12-42DC-BE63-D387482E7876}"
EndProject
Project("{9A19103F-16F7-4668-BE54-9A1E7A4F7556}") = "104_917_Reverse_Only_Letters", "104_917_Reverse_Only_Letters\104_917_Reverse_Only_Letters.csproj", "{43DB6ED0-A1D3-4665-94ED-5D73D22B9418}"
EndProject
Project("{9A19103F-16F7-4668-BE54-9A1E7A4F7556}") = "124_367_Is_Perfect_Square", "124_367_Is_Perfect_Square\124_367_Is_Perfect_Square.csproj", "{17D09909-DC12-413C-82D8-0A1D008F9B0E}"
EndProject
Project("{9A19103F-16F7-4668-BE54-9A1E7A4F7556}") = "22_463_Island_Perimeter", "22_463_Island_Perimeter\22_463_Island_Perimeter.csproj", "{DC9C89A1-52FA-42CA-B9CF-5E1C57929AF7}"
EndProject
Project("{9A19103F-16F7-4668-BE54-9A1E7A4F7556}") = "32_104_Max_Depth", "32_104_Max_Depth\32_104_Max_Depth.csproj", "{A5E5E2FD-2690-4532-9DFD-5EEF7BE2B6C2}"
EndProject
Project("{9A19103F-16F7-4668-BE54-9A1E7A4F7556}") = "42_283_Move_Zeroes", "42_283_Move_Zeroes\42_283_Move_Zeroes.csproj", "{DBE4A8B5-BD25-473E-B6E1-DCCA4D402DD8}"
EndProject
Project("{9A19103F-16F7-4668-BE54-9A1E7A4F7556}") = "52_171_Title_To_Number", "52_171_Title_To_Number\52_171_Title_To_Number.csproj", "{8CB3ADD8-BDC6-4FD8-88E0-0DF679953E53}"
EndProject
Project("{9A19103F-16F7-4668-BE54-9A1E7A4F7556}") = "62_455_Find_Content_Children", "62_455_Find_Content_Children\62_455_Find_Content_Children.csproj", "{38EC020E-994E-4257-83C8-9734A98C4CE5}"
EndProject
Project("{9A19103F-16F7-4668-BE54-9A1E7A4F7556}") = "82_350_Intersect", "82_350_Intersect\82_350_Intersect.csproj", "{1E143836-5C79-4E79-9CC0-C2DEE6889B89}"
EndProject
Project("{9A19103F-16F7-4668-BE54-9A1E7A4F7556}") = "102_326_Is_Power_Of_Three", "102_326_Is_Power_Of_Three\102_326_Is_Power_Of_Three.csproj", "{05334BB8-CEDB-4F01-9DB7-89C1E3E81835}"
EndProject
Project("{9A19103F-16F7-4668-BE54-9A1E7A4F7556}") = "122_345_Reverse_Vowels", "122_345_Reverse_Vowels\122_345_Reverse_Vowels.csproj", "{1D8DF5F8-EEFB-4BDB-A9A3-29448D54DA12}"
EndProject
Project("{9A19103F-16F7-4668-BE54-9A1E7A4F7556}") = "142_9_Is_Palindrome", "142_9_Is_Palindrome\142_9_Is_Palindrome.csproj", "{DCCD490D-67AB-4FB0-9967-33CC0DDB8B78}"
EndProject
Project("{9A19103F-16F7-4668-BE54-9A1E7A4F7556}") = "144_942_Di_String_Match", "144_942_Di_String_Match\144_942_Di_String_Match.csproj", "{13C7C3F1-056A-4124-903A-1BE83097D952}"
EndProject
Project("{9A19103F-16F7-4668-BE54-9A1E7A4F7556}") = "27_521_Find_LUS_length", "27_521_Find_LUS_length\27_521_Find_LUS_length.csproj", "{4A334C31-0376-4CF2-9D72-527A6454F7B9}"
EndProject
Project("{9A19103F-16F7-4668-BE54-9A1E7A4F7556}") = "47_317_Is_One_Bit_Character", "47_317_Is_One_Bit_Character\47_317_Is_One_Bit_Character.csproj", "{64310594-6103-481A-9A77-49C1E7720445}"
EndProject
Project("{9A19103F-16F7-4668-BE54-9A1E7A4F7556}") = "67_242_Is_Anagram", "67_242_Is_Anagram\67_242_Is_Anagram.csproj", "{E2F3270E-7F3F-415E-A63D-0346B4651079}"
EndProject
Project("{9A19103F-16F7-4668-BE54-9A1E7A4F7556}") = "77_409_Longest_Palindrome", "77_409_Longest_Palindrome\77_409_Longest_Palindrome.csproj", "{8E3E20EA-A275-46DA-B1C2-45EA78A98B80}"
EndProject
Project("{9A19103F-16F7-4668-BE54-9A1E7A4F7556}") = "78_744_Next_Greatest_Letter", "78_744_Next_Greatest_Letter\78_744_Next_Greatest_Letter.csproj", "{B207C176-E4D4-4B8B-88E0-FA58B65BC6F8}"
EndProject
Project("{9A19103F-16F7-4668-BE54-9A1E7A4F7556}") = "80_628_Maximum_Product", "80_628_Maximum_Product\80_628_Maximum_Product.csproj", "{E5FCDE85-E435-4AA7-96D8-4919CAC930CB}"
EndProject
Project("{9A19103F-16F7-4668-BE54-9A1E7A4F7556}") = "83_268_Missing_Number", "83_268_Missing_Number\83_268_Missing_Number.csproj", "{77DA848A-7484-42E9-8FC9-E388408B8E2C}"
EndProject
Project("{9A19103F-16F7-4668-BE54-9A1E7A4F7556}") = "96_202_Is_Happy", "96_202_Is_Happy\96_202_Is_Happy.csproj", "{4838AD25-DC96-4726-BFBE-4985D1632575}"
EndProject
Project("{9A19103F-16F7-4668-BE54-9A1E7A4F7556}") = "23_867_Transpose", "23_867_Transpose\23_867_Transpose.csproj", "{9636F49D-09F5-45CE-83D1-6EA8AD5E6D71}"
EndProject
Project("{9A19103F-16F7-4668-BE54-9A1E7A4F7556}") = "33_485_Find_Max_Consecutive_Ones", "33_485_Find_Max_Consecutive_Ones\33_485_Find_Max_Consecutive_Ones.csproj", "{FD932C65-2E16-4A57-9F81-F2178CA88888}"
EndProject
Project("{9A19103F-16F7-4668-BE54-9A1E7A4F7556}") = "53_733_Flood_Fill", "53_733_Flood_Fill\53_733_Flood_Fill.csproj", "{2F7BBD33-D014-4191-89B5-0F5FDBF0C703}"
EndProject
Project("{9A19103F-16F7-4668-BE54-9A1E7A4F7556}") = "63_387_First_Uniq_Char", "63_387_First_Uniq_Char\63_387_First_Uniq_Char.csproj", "{40CB29C2-46DD-4925-9153-6CE4C1939D4A}"
EndProject
Project("{9A19103F-16F7-4668-BE54-9A1E7A4F7556}") = "73_599_Find_Restaurant", "73_599_Find_Restaurant\73_599_Find_Restaurant.csproj", "{67ACB81F-8A9E-47CA-8886-0EE12B79ABE7}"
EndProject
Project("{9A19103F-16F7-4668-BE54-9A1E7A4F7556}") = "93_720_Longest_Word", "93_720_Longest_Word\93_720_Longest_Word.csproj", "{1C2C07B0-C33E-4816-8496-E6ACE286F6AE}"
EndProject
Project("{9A19103F-16F7-4668-BE54-9A1E7A4F7556}") = "113_35_Search_Insert", "113_35_Search_Insert\113_35_Search_Insert.csproj", "{63472B8E-5815-4D8E-B1F6-58F036498F66}"
EndProject
Project("{9A19103F-16F7-4668-BE54-9A1E7A4F7556}") = "123_342_Is_Power_Of_Four", "123_342_Is_Power_Of_Four\123_342_Is_Power_Of_Four.csproj", "{F0B9AF6E-3EA4-4B7A-902B-8DFBB163FED6}"
EndProject
Project("{9A19103F-16F7-4668-BE54-9A1E7A4F7556}") = "133_172_Trailing_Zeroes", "133_172_Trailing_Zeroes\133_172_Trailing_Zeroes.csproj", "{F616F475-F805-4FE5-9733-7E629B1BB492}"
EndProject
Project("{9A19103F-16F7-4668-BE54-9A1E7A4F7556}") = "135_434_Count_Segments", "135_434_Count_Segments\135_434_Count_Segments.csproj", "{3C02DAB1-D517-49E0-9EA7-EBB293E84476}"
EndProject
Project("{9A19103F-16F7-4668-BE54-9A1E7A4F7556}") = "126_459_Repeated_Substring_Pattern", "126_459_Repeated_Substring_Pattern\126_459_Repeated_Substring_Pattern.csproj", "{05E4C3AB-184D-4075-A785-09CD8FF7958A}"
EndProject
Project("{9A19103F-16F7-4668-BE54-9A1E7A4F7556}") = "128_119_Get_Row", "128_119_Get_Row\128_119_Get_Row.csproj", "{447C75E0-2FCB-44C8-854D-8213DC35DD41}"
EndProject
Project("{FAE04EC0-301F-11D3-BF4B-00C04F79EFBC}") = "28_693_Has_Alternating_Bits", "28_693_Has_Alternating_Bits\28_693_Has_Alternating_Bits.csproj", "{041FA9D9-CC12-40D2-A63B-81BC50C21D73}"
EndProject
Project("{FAE04EC0-301F-11D3-BF4B-00C04F79EFBC}") = "30_292_Can_Win_Nim", "30_292_Can_Win_Nim\30_292_Can_Win_Nim.csproj", "{80411B3A-083C-4B74-85D1-EAB238917FC0}"
EndProject
Project("{FAE04EC0-301F-11D3-BF4B-00C04F79EFBC}") = "38_520_Detect_Capital_Use", "38_520_Detect_Capital_Use\38_520_Detect_Capital_Use.csproj", "{1E6F49A4-6170-45FA-A947-843645516154}"
EndProject
Project("{FAE04EC0-301F-11D3-BF4B-00C04F79EFBC}") = "58_169_Majority_Element", "58_169_Majority_Element\58_169_Majority_Element.csproj", "{1466343F-3644-47C6-A427-9E2C8D779009}"
EndProject
Project("{FAE04EC0-301F-11D3-BF4B-00C04F79EFBC}") = "98_405_To_Hex", "98_405_To_Hex\98_405_To_Hex.csproj", "{857DCFB5-502E-4A4E-AB6E-46DDC7BFB792}"
EndProject
Project("{FAE04EC0-301F-11D3-BF4B-00C04F79EFBC}") = "108_7_Reverse", "108_7_Reverse\108_7_Reverse.csproj", "{A36EFAFD-DBBC-4D25-862D-38EA91184219}"
EndProject
Project("{FAE04EC0-301F-11D3-BF4B-00C04F79EFBC}") = "118_118_Generate", "118_118_Generate\118_118_Generate.csproj", "{3C205124-6F36-4341-907A-9199B4164623}"
EndProject
Global
	GlobalSection(SolutionConfigurationPlatforms) = preSolution
		Debug|Any CPU = Debug|Any CPU
		Release|Any CPU = Release|Any CPU
	EndGlobalSection
	GlobalSection(ProjectConfigurationPlatforms) = postSolution
		{D0D76DB2-2946-4D60-B4A3-551AC7C6EE5C}.Debug|Any CPU.ActiveCfg = Debug|Any CPU
		{D0D76DB2-2946-4D60-B4A3-551AC7C6EE5C}.Debug|Any CPU.Build.0 = Debug|Any CPU
		{D0D76DB2-2946-4D60-B4A3-551AC7C6EE5C}.Release|Any CPU.ActiveCfg = Release|Any CPU
		{D0D76DB2-2946-4D60-B4A3-551AC7C6EE5C}.Release|Any CPU.Build.0 = Release|Any CPU
		{CDF023FC-7132-438F-A20C-357DC20C32B0}.Debug|Any CPU.ActiveCfg = Debug|Any CPU
		{CDF023FC-7132-438F-A20C-357DC20C32B0}.Debug|Any CPU.Build.0 = Debug|Any CPU
		{CDF023FC-7132-438F-A20C-357DC20C32B0}.Release|Any CPU.ActiveCfg = Release|Any CPU
		{CDF023FC-7132-438F-A20C-357DC20C32B0}.Release|Any CPU.Build.0 = Release|Any CPU
		{709B28D9-5103-4368-89C9-6608E6981382}.Debug|Any CPU.ActiveCfg = Debug|Any CPU
		{709B28D9-5103-4368-89C9-6608E6981382}.Debug|Any CPU.Build.0 = Debug|Any CPU
		{709B28D9-5103-4368-89C9-6608E6981382}.Release|Any CPU.ActiveCfg = Release|Any CPU
		{709B28D9-5103-4368-89C9-6608E6981382}.Release|Any CPU.Build.0 = Release|Any CPU
		{4699DC67-878C-450C-9158-6A862E3BD7AC}.Debug|Any CPU.ActiveCfg = Debug|Any CPU
		{4699DC67-878C-450C-9158-6A862E3BD7AC}.Debug|Any CPU.Build.0 = Debug|Any CPU
		{4699DC67-878C-450C-9158-6A862E3BD7AC}.Release|Any CPU.ActiveCfg = Release|Any CPU
		{4699DC67-878C-450C-9158-6A862E3BD7AC}.Release|Any CPU.Build.0 = Release|Any CPU
		{18D79718-3E59-4C28-9EB2-548A320BD26E}.Debug|Any CPU.ActiveCfg = Debug|Any CPU
		{18D79718-3E59-4C28-9EB2-548A320BD26E}.Debug|Any CPU.Build.0 = Debug|Any CPU
		{18D79718-3E59-4C28-9EB2-548A320BD26E}.Release|Any CPU.ActiveCfg = Release|Any CPU
		{18D79718-3E59-4C28-9EB2-548A320BD26E}.Release|Any CPU.Build.0 = Release|Any CPU
		{B7C54586-FF63-4B79-8E96-A76A129C0D64}.Debug|Any CPU.ActiveCfg = Debug|Any CPU
		{B7C54586-FF63-4B79-8E96-A76A129C0D64}.Debug|Any CPU.Build.0 = Debug|Any CPU
		{B7C54586-FF63-4B79-8E96-A76A129C0D64}.Release|Any CPU.ActiveCfg = Release|Any CPU
		{B7C54586-FF63-4B79-8E96-A76A129C0D64}.Release|Any CPU.Build.0 = Release|Any CPU
		{1202F0DD-C347-4313-AD46-88168FBADBB6}.Debug|Any CPU.ActiveCfg = Debug|Any CPU
		{1202F0DD-C347-4313-AD46-88168FBADBB6}.Debug|Any CPU.Build.0 = Debug|Any CPU
		{1202F0DD-C347-4313-AD46-88168FBADBB6}.Release|Any CPU.ActiveCfg = Release|Any CPU
		{1202F0DD-C347-4313-AD46-88168FBADBB6}.Release|Any CPU.Build.0 = Release|Any CPU
		{3797C3FF-321E-4846-9685-B6353EBC9912}.Debug|Any CPU.ActiveCfg = Debug|Any CPU
		{3797C3FF-321E-4846-9685-B6353EBC9912}.Debug|Any CPU.Build.0 = Debug|Any CPU
		{3797C3FF-321E-4846-9685-B6353EBC9912}.Release|Any CPU.ActiveCfg = Release|Any CPU
		{3797C3FF-321E-4846-9685-B6353EBC9912}.Release|Any CPU.Build.0 = Release|Any CPU
		{B3775371-20BC-4460-AA75-3624334D222F}.Debug|Any CPU.ActiveCfg = Debug|Any CPU
		{B3775371-20BC-4460-AA75-3624334D222F}.Debug|Any CPU.Build.0 = Debug|Any CPU
		{B3775371-20BC-4460-AA75-3624334D222F}.Release|Any CPU.ActiveCfg = Release|Any CPU
		{B3775371-20BC-4460-AA75-3624334D222F}.Release|Any CPU.Build.0 = Release|Any CPU
		{F0CC3A4E-DEC6-478C-9CD9-66027EF27DBE}.Debug|Any CPU.ActiveCfg = Debug|Any CPU
		{F0CC3A4E-DEC6-478C-9CD9-66027EF27DBE}.Debug|Any CPU.Build.0 = Debug|Any CPU
		{F0CC3A4E-DEC6-478C-9CD9-66027EF27DBE}.Release|Any CPU.ActiveCfg = Release|Any CPU
		{F0CC3A4E-DEC6-478C-9CD9-66027EF27DBE}.Release|Any CPU.Build.0 = Release|Any CPU
		{98616B51-95BC-4FDD-AF85-615453186E12}.Debug|Any CPU.ActiveCfg = Debug|Any CPU
		{98616B51-95BC-4FDD-AF85-615453186E12}.Debug|Any CPU.Build.0 = Debug|Any CPU
		{98616B51-95BC-4FDD-AF85-615453186E12}.Release|Any CPU.ActiveCfg = Release|Any CPU
		{98616B51-95BC-4FDD-AF85-615453186E12}.Release|Any CPU.Build.0 = Release|Any CPU
		{B5D32FC5-37D3-4D4B-9917-40A936DEC503}.Debug|Any CPU.ActiveCfg = Debug|Any CPU
		{B5D32FC5-37D3-4D4B-9917-40A936DEC503}.Debug|Any CPU.Build.0 = Debug|Any CPU
		{B5D32FC5-37D3-4D4B-9917-40A936DEC503}.Release|Any CPU.ActiveCfg = Release|Any CPU
		{B5D32FC5-37D3-4D4B-9917-40A936DEC503}.Release|Any CPU.Build.0 = Release|Any CPU
		{7A69E972-E8B5-4630-8DC3-E4D0BC9B3458}.Debug|Any CPU.ActiveCfg = Debug|Any CPU
		{7A69E972-E8B5-4630-8DC3-E4D0BC9B3458}.Debug|Any CPU.Build.0 = Debug|Any CPU
		{7A69E972-E8B5-4630-8DC3-E4D0BC9B3458}.Release|Any CPU.ActiveCfg = Release|Any CPU
		{7A69E972-E8B5-4630-8DC3-E4D0BC9B3458}.Release|Any CPU.Build.0 = Release|Any CPU
		{9FFFFCA4-D12A-4D99-9D41-1B669342C422}.Debug|Any CPU.ActiveCfg = Debug|Any CPU
		{9FFFFCA4-D12A-4D99-9D41-1B669342C422}.Debug|Any CPU.Build.0 = Debug|Any CPU
		{9FFFFCA4-D12A-4D99-9D41-1B669342C422}.Release|Any CPU.ActiveCfg = Release|Any CPU
		{9FFFFCA4-D12A-4D99-9D41-1B669342C422}.Release|Any CPU.Build.0 = Release|Any CPU
		{F692133C-E7B1-428B-9885-826FEE6CEACB}.Debug|Any CPU.ActiveCfg = Debug|Any CPU
		{F692133C-E7B1-428B-9885-826FEE6CEACB}.Debug|Any CPU.Build.0 = Debug|Any CPU
		{F692133C-E7B1-428B-9885-826FEE6CEACB}.Release|Any CPU.ActiveCfg = Release|Any CPU
		{F692133C-E7B1-428B-9885-826FEE6CEACB}.Release|Any CPU.Build.0 = Release|Any CPU
		{427B2E95-4AF7-4E86-953E-1C1E7031DE27}.Debug|Any CPU.ActiveCfg = Debug|Any CPU
		{427B2E95-4AF7-4E86-953E-1C1E7031DE27}.Debug|Any CPU.Build.0 = Debug|Any CPU
		{427B2E95-4AF7-4E86-953E-1C1E7031DE27}.Release|Any CPU.ActiveCfg = Release|Any CPU
		{427B2E95-4AF7-4E86-953E-1C1E7031DE27}.Release|Any CPU.Build.0 = Release|Any CPU
		{1037CD13-8649-4E13-9125-DECD4A4FF6C7}.Debug|Any CPU.ActiveCfg = Debug|Any CPU
		{1037CD13-8649-4E13-9125-DECD4A4FF6C7}.Debug|Any CPU.Build.0 = Debug|Any CPU
		{1037CD13-8649-4E13-9125-DECD4A4FF6C7}.Release|Any CPU.ActiveCfg = Release|Any CPU
		{1037CD13-8649-4E13-9125-DECD4A4FF6C7}.Release|Any CPU.Build.0 = Release|Any CPU
		{7D77F1EA-DB33-440A-B432-853F1CDB8269}.Debug|Any CPU.ActiveCfg = Debug|Any CPU
		{7D77F1EA-DB33-440A-B432-853F1CDB8269}.Debug|Any CPU.Build.0 = Debug|Any CPU
		{7D77F1EA-DB33-440A-B432-853F1CDB8269}.Release|Any CPU.ActiveCfg = Release|Any CPU
		{7D77F1EA-DB33-440A-B432-853F1CDB8269}.Release|Any CPU.Build.0 = Release|Any CPU
		{E7E53152-B445-4284-B9A6-9CBCBD29FCF1}.Debug|Any CPU.ActiveCfg = Debug|Any CPU
		{E7E53152-B445-4284-B9A6-9CBCBD29FCF1}.Debug|Any CPU.Build.0 = Debug|Any CPU
		{E7E53152-B445-4284-B9A6-9CBCBD29FCF1}.Release|Any CPU.ActiveCfg = Release|Any CPU
		{E7E53152-B445-4284-B9A6-9CBCBD29FCF1}.Release|Any CPU.Build.0 = Release|Any CPU
		{FE68E411-6334-497D-AABF-58F991EE16C0}.Debug|Any CPU.ActiveCfg = Debug|Any CPU
		{FE68E411-6334-497D-AABF-58F991EE16C0}.Debug|Any CPU.Build.0 = Debug|Any CPU
		{FE68E411-6334-497D-AABF-58F991EE16C0}.Release|Any CPU.ActiveCfg = Release|Any CPU
		{FE68E411-6334-497D-AABF-58F991EE16C0}.Release|Any CPU.Build.0 = Release|Any CPU
		{D441A5A9-B546-4EBB-965B-CC98254A1F5B}.Debug|Any CPU.ActiveCfg = Debug|Any CPU
		{D441A5A9-B546-4EBB-965B-CC98254A1F5B}.Debug|Any CPU.Build.0 = Debug|Any CPU
		{D441A5A9-B546-4EBB-965B-CC98254A1F5B}.Release|Any CPU.ActiveCfg = Release|Any CPU
		{D441A5A9-B546-4EBB-965B-CC98254A1F5B}.Release|Any CPU.Build.0 = Release|Any CPU
		{0FA92E28-63CF-4DE2-B88B-F0C9B826CCA4}.Debug|Any CPU.ActiveCfg = Debug|Any CPU
		{0FA92E28-63CF-4DE2-B88B-F0C9B826CCA4}.Debug|Any CPU.Build.0 = Debug|Any CPU
		{0FA92E28-63CF-4DE2-B88B-F0C9B826CCA4}.Release|Any CPU.ActiveCfg = Release|Any CPU
		{0FA92E28-63CF-4DE2-B88B-F0C9B826CCA4}.Release|Any CPU.Build.0 = Release|Any CPU
		{CE0BB64A-EDA8-4E66-9B88-73C5947F4C07}.Debug|Any CPU.ActiveCfg = Debug|Any CPU
		{CE0BB64A-EDA8-4E66-9B88-73C5947F4C07}.Debug|Any CPU.Build.0 = Debug|Any CPU
		{CE0BB64A-EDA8-4E66-9B88-73C5947F4C07}.Release|Any CPU.ActiveCfg = Release|Any CPU
		{CE0BB64A-EDA8-4E66-9B88-73C5947F4C07}.Release|Any CPU.Build.0 = Release|Any CPU
		{AAAA3FBA-A941-47FB-8D0E-43BE7E73031D}.Debug|Any CPU.ActiveCfg = Debug|Any CPU
		{AAAA3FBA-A941-47FB-8D0E-43BE7E73031D}.Debug|Any CPU.Build.0 = Debug|Any CPU
		{AAAA3FBA-A941-47FB-8D0E-43BE7E73031D}.Release|Any CPU.ActiveCfg = Release|Any CPU
		{AAAA3FBA-A941-47FB-8D0E-43BE7E73031D}.Release|Any CPU.Build.0 = Release|Any CPU
		{7B0EB626-4CE5-4B6B-ABCA-7712846DC426}.Debug|Any CPU.ActiveCfg = Debug|Any CPU
		{7B0EB626-4CE5-4B6B-ABCA-7712846DC426}.Debug|Any CPU.Build.0 = Debug|Any CPU
		{7B0EB626-4CE5-4B6B-ABCA-7712846DC426}.Release|Any CPU.ActiveCfg = Release|Any CPU
		{7B0EB626-4CE5-4B6B-ABCA-7712846DC426}.Release|Any CPU.Build.0 = Release|Any CPU
		{6033B9A5-8383-4045-B10E-426982355C06}.Debug|Any CPU.ActiveCfg = Debug|Any CPU
		{6033B9A5-8383-4045-B10E-426982355C06}.Debug|Any CPU.Build.0 = Debug|Any CPU
		{6033B9A5-8383-4045-B10E-426982355C06}.Release|Any CPU.ActiveCfg = Release|Any CPU
		{6033B9A5-8383-4045-B10E-426982355C06}.Release|Any CPU.Build.0 = Release|Any CPU
		{882EE6FF-1BAD-4655-AD7A-16774A5EBACA}.Debug|Any CPU.ActiveCfg = Debug|Any CPU
		{882EE6FF-1BAD-4655-AD7A-16774A5EBACA}.Debug|Any CPU.Build.0 = Debug|Any CPU
		{882EE6FF-1BAD-4655-AD7A-16774A5EBACA}.Release|Any CPU.ActiveCfg = Release|Any CPU
		{882EE6FF-1BAD-4655-AD7A-16774A5EBACA}.Release|Any CPU.Build.0 = Release|Any CPU
		{83E86226-5522-4382-A99F-882ACFDA2369}.Debug|Any CPU.ActiveCfg = Debug|Any CPU
		{83E86226-5522-4382-A99F-882ACFDA2369}.Debug|Any CPU.Build.0 = Debug|Any CPU
		{83E86226-5522-4382-A99F-882ACFDA2369}.Release|Any CPU.ActiveCfg = Release|Any CPU
		{83E86226-5522-4382-A99F-882ACFDA2369}.Release|Any CPU.Build.0 = Release|Any CPU
		{A2D35E97-DFD3-4353-9004-E616F424958A}.Debug|Any CPU.ActiveCfg = Debug|Any CPU
		{A2D35E97-DFD3-4353-9004-E616F424958A}.Debug|Any CPU.Build.0 = Debug|Any CPU
		{A2D35E97-DFD3-4353-9004-E616F424958A}.Release|Any CPU.ActiveCfg = Release|Any CPU
		{A2D35E97-DFD3-4353-9004-E616F424958A}.Release|Any CPU.Build.0 = Release|Any CPU
		{856C8E0B-5F8B-4B23-AEBF-1AF5723A99FF}.Debug|Any CPU.ActiveCfg = Debug|Any CPU
		{856C8E0B-5F8B-4B23-AEBF-1AF5723A99FF}.Debug|Any CPU.Build.0 = Debug|Any CPU
		{856C8E0B-5F8B-4B23-AEBF-1AF5723A99FF}.Release|Any CPU.ActiveCfg = Release|Any CPU
		{856C8E0B-5F8B-4B23-AEBF-1AF5723A99FF}.Release|Any CPU.Build.0 = Release|Any CPU
		{2A7F0AB9-4C19-4255-B76B-581050DD1C5A}.Debug|Any CPU.ActiveCfg = Debug|Any CPU
		{2A7F0AB9-4C19-4255-B76B-581050DD1C5A}.Debug|Any CPU.Build.0 = Debug|Any CPU
		{2A7F0AB9-4C19-4255-B76B-581050DD1C5A}.Release|Any CPU.ActiveCfg = Release|Any CPU
		{2A7F0AB9-4C19-4255-B76B-581050DD1C5A}.Release|Any CPU.Build.0 = Release|Any CPU
		{317C4C90-F041-4A3C-9D5E-88333FEDDFFC}.Debug|Any CPU.ActiveCfg = Debug|Any CPU
		{317C4C90-F041-4A3C-9D5E-88333FEDDFFC}.Debug|Any CPU.Build.0 = Debug|Any CPU
		{317C4C90-F041-4A3C-9D5E-88333FEDDFFC}.Release|Any CPU.ActiveCfg = Release|Any CPU
		{317C4C90-F041-4A3C-9D5E-88333FEDDFFC}.Release|Any CPU.Build.0 = Release|Any CPU
		{BE1EF582-8679-44C6-882F-408FD1DE2606}.Debug|Any CPU.ActiveCfg = Debug|Any CPU
		{BE1EF582-8679-44C6-882F-408FD1DE2606}.Debug|Any CPU.Build.0 = Debug|Any CPU
		{BE1EF582-8679-44C6-882F-408FD1DE2606}.Release|Any CPU.ActiveCfg = Release|Any CPU
		{BE1EF582-8679-44C6-882F-408FD1DE2606}.Release|Any CPU.Build.0 = Release|Any CPU
		{FAFFB2D2-5F3F-4855-BF1F-A06A97D4F3D2}.Debug|Any CPU.ActiveCfg = Debug|Any CPU
		{FAFFB2D2-5F3F-4855-BF1F-A06A97D4F3D2}.Debug|Any CPU.Build.0 = Debug|Any CPU
		{FAFFB2D2-5F3F-4855-BF1F-A06A97D4F3D2}.Release|Any CPU.ActiveCfg = Release|Any CPU
		{FAFFB2D2-5F3F-4855-BF1F-A06A97D4F3D2}.Release|Any CPU.Build.0 = Release|Any CPU
		{6D702EB4-92F4-42E9-82A9-072A0C38D34D}.Debug|Any CPU.ActiveCfg = Debug|Any CPU
		{6D702EB4-92F4-42E9-82A9-072A0C38D34D}.Debug|Any CPU.Build.0 = Debug|Any CPU
		{6D702EB4-92F4-42E9-82A9-072A0C38D34D}.Release|Any CPU.ActiveCfg = Release|Any CPU
		{6D702EB4-92F4-42E9-82A9-072A0C38D34D}.Release|Any CPU.Build.0 = Release|Any CPU
		{E1FBA6C7-5F66-4F41-BF2A-C7E08AA58786}.Debug|Any CPU.ActiveCfg = Debug|Any CPU
		{E1FBA6C7-5F66-4F41-BF2A-C7E08AA58786}.Debug|Any CPU.Build.0 = Debug|Any CPU
		{E1FBA6C7-5F66-4F41-BF2A-C7E08AA58786}.Release|Any CPU.ActiveCfg = Release|Any CPU
		{E1FBA6C7-5F66-4F41-BF2A-C7E08AA58786}.Release|Any CPU.Build.0 = Release|Any CPU
		{DC3DFC9C-0EA0-45F9-8324-0371041AD2FF}.Debug|Any CPU.ActiveCfg = Debug|Any CPU
		{DC3DFC9C-0EA0-45F9-8324-0371041AD2FF}.Debug|Any CPU.Build.0 = Debug|Any CPU
		{DC3DFC9C-0EA0-45F9-8324-0371041AD2FF}.Release|Any CPU.ActiveCfg = Release|Any CPU
		{DC3DFC9C-0EA0-45F9-8324-0371041AD2FF}.Release|Any CPU.Build.0 = Release|Any CPU
		{DD93FBD6-20B6-4A42-9A27-6CCC62B6B5ED}.Debug|Any CPU.ActiveCfg = Debug|Any CPU
		{DD93FBD6-20B6-4A42-9A27-6CCC62B6B5ED}.Debug|Any CPU.Build.0 = Debug|Any CPU
		{DD93FBD6-20B6-4A42-9A27-6CCC62B6B5ED}.Release|Any CPU.ActiveCfg = Release|Any CPU
		{DD93FBD6-20B6-4A42-9A27-6CCC62B6B5ED}.Release|Any CPU.Build.0 = Release|Any CPU
		{AB4FE9BA-1BD2-467D-B736-438BF3F8909C}.Debug|Any CPU.ActiveCfg = Debug|Any CPU
		{AB4FE9BA-1BD2-467D-B736-438BF3F8909C}.Debug|Any CPU.Build.0 = Debug|Any CPU
		{AB4FE9BA-1BD2-467D-B736-438BF3F8909C}.Release|Any CPU.ActiveCfg = Release|Any CPU
		{AB4FE9BA-1BD2-467D-B736-438BF3F8909C}.Release|Any CPU.Build.0 = Release|Any CPU
		{51235A51-EC3C-48D0-8AFF-7DEB631E4269}.Debug|Any CPU.ActiveCfg = Debug|Any CPU
		{51235A51-EC3C-48D0-8AFF-7DEB631E4269}.Debug|Any CPU.Build.0 = Debug|Any CPU
		{51235A51-EC3C-48D0-8AFF-7DEB631E4269}.Release|Any CPU.ActiveCfg = Release|Any CPU
		{51235A51-EC3C-48D0-8AFF-7DEB631E4269}.Release|Any CPU.Build.0 = Release|Any CPU
		{5194FEA8-460D-4E8C-92B1-8A29756B5299}.Debug|Any CPU.ActiveCfg = Debug|Any CPU
		{5194FEA8-460D-4E8C-92B1-8A29756B5299}.Debug|Any CPU.Build.0 = Debug|Any CPU
		{5194FEA8-460D-4E8C-92B1-8A29756B5299}.Release|Any CPU.ActiveCfg = Release|Any CPU
		{5194FEA8-460D-4E8C-92B1-8A29756B5299}.Release|Any CPU.Build.0 = Release|Any CPU
		{EB9B0564-0F12-42DC-BE63-D387482E7876}.Debug|Any CPU.ActiveCfg = Debug|Any CPU
		{EB9B0564-0F12-42DC-BE63-D387482E7876}.Debug|Any CPU.Build.0 = Debug|Any CPU
		{EB9B0564-0F12-42DC-BE63-D387482E7876}.Release|Any CPU.ActiveCfg = Release|Any CPU
		{EB9B0564-0F12-42DC-BE63-D387482E7876}.Release|Any CPU.Build.0 = Release|Any CPU
		{43DB6ED0-A1D3-4665-94ED-5D73D22B9418}.Debug|Any CPU.ActiveCfg = Debug|Any CPU
		{43DB6ED0-A1D3-4665-94ED-5D73D22B9418}.Debug|Any CPU.Build.0 = Debug|Any CPU
		{43DB6ED0-A1D3-4665-94ED-5D73D22B9418}.Release|Any CPU.ActiveCfg = Release|Any CPU
		{43DB6ED0-A1D3-4665-94ED-5D73D22B9418}.Release|Any CPU.Build.0 = Release|Any CPU
		{17D09909-DC12-413C-82D8-0A1D008F9B0E}.Debug|Any CPU.ActiveCfg = Debug|Any CPU
		{17D09909-DC12-413C-82D8-0A1D008F9B0E}.Debug|Any CPU.Build.0 = Debug|Any CPU
		{17D09909-DC12-413C-82D8-0A1D008F9B0E}.Release|Any CPU.ActiveCfg = Release|Any CPU
		{17D09909-DC12-413C-82D8-0A1D008F9B0E}.Release|Any CPU.Build.0 = Release|Any CPU
		{DC9C89A1-52FA-42CA-B9CF-5E1C57929AF7}.Debug|Any CPU.ActiveCfg = Debug|Any CPU
		{DC9C89A1-52FA-42CA-B9CF-5E1C57929AF7}.Debug|Any CPU.Build.0 = Debug|Any CPU
		{DC9C89A1-52FA-42CA-B9CF-5E1C57929AF7}.Release|Any CPU.ActiveCfg = Release|Any CPU
		{DC9C89A1-52FA-42CA-B9CF-5E1C57929AF7}.Release|Any CPU.Build.0 = Release|Any CPU
		{A5E5E2FD-2690-4532-9DFD-5EEF7BE2B6C2}.Debug|Any CPU.ActiveCfg = Debug|Any CPU
		{A5E5E2FD-2690-4532-9DFD-5EEF7BE2B6C2}.Debug|Any CPU.Build.0 = Debug|Any CPU
		{A5E5E2FD-2690-4532-9DFD-5EEF7BE2B6C2}.Release|Any CPU.ActiveCfg = Release|Any CPU
		{A5E5E2FD-2690-4532-9DFD-5EEF7BE2B6C2}.Release|Any CPU.Build.0 = Release|Any CPU
		{DBE4A8B5-BD25-473E-B6E1-DCCA4D402DD8}.Debug|Any CPU.ActiveCfg = Debug|Any CPU
		{DBE4A8B5-BD25-473E-B6E1-DCCA4D402DD8}.Debug|Any CPU.Build.0 = Debug|Any CPU
		{DBE4A8B5-BD25-473E-B6E1-DCCA4D402DD8}.Release|Any CPU.ActiveCfg = Release|Any CPU
		{DBE4A8B5-BD25-473E-B6E1-DCCA4D402DD8}.Release|Any CPU.Build.0 = Release|Any CPU
		{8CB3ADD8-BDC6-4FD8-88E0-0DF679953E53}.Debug|Any CPU.ActiveCfg = Debug|Any CPU
		{8CB3ADD8-BDC6-4FD8-88E0-0DF679953E53}.Debug|Any CPU.Build.0 = Debug|Any CPU
		{8CB3ADD8-BDC6-4FD8-88E0-0DF679953E53}.Release|Any CPU.ActiveCfg = Release|Any CPU
		{8CB3ADD8-BDC6-4FD8-88E0-0DF679953E53}.Release|Any CPU.Build.0 = Release|Any CPU
		{38EC020E-994E-4257-83C8-9734A98C4CE5}.Debug|Any CPU.ActiveCfg = Debug|Any CPU
		{38EC020E-994E-4257-83C8-9734A98C4CE5}.Debug|Any CPU.Build.0 = Debug|Any CPU
		{38EC020E-994E-4257-83C8-9734A98C4CE5}.Release|Any CPU.ActiveCfg = Release|Any CPU
		{38EC020E-994E-4257-83C8-9734A98C4CE5}.Release|Any CPU.Build.0 = Release|Any CPU
		{1E143836-5C79-4E79-9CC0-C2DEE6889B89}.Debug|Any CPU.ActiveCfg = Debug|Any CPU
		{1E143836-5C79-4E79-9CC0-C2DEE6889B89}.Debug|Any CPU.Build.0 = Debug|Any CPU
		{1E143836-5C79-4E79-9CC0-C2DEE6889B89}.Release|Any CPU.ActiveCfg = Release|Any CPU
		{1E143836-5C79-4E79-9CC0-C2DEE6889B89}.Release|Any CPU.Build.0 = Release|Any CPU
		{05334BB8-CEDB-4F01-9DB7-89C1E3E81835}.Debug|Any CPU.ActiveCfg = Debug|Any CPU
		{05334BB8-CEDB-4F01-9DB7-89C1E3E81835}.Debug|Any CPU.Build.0 = Debug|Any CPU
		{05334BB8-CEDB-4F01-9DB7-89C1E3E81835}.Release|Any CPU.ActiveCfg = Release|Any CPU
		{05334BB8-CEDB-4F01-9DB7-89C1E3E81835}.Release|Any CPU.Build.0 = Release|Any CPU
		{1D8DF5F8-EEFB-4BDB-A9A3-29448D54DA12}.Debug|Any CPU.ActiveCfg = Debug|Any CPU
		{1D8DF5F8-EEFB-4BDB-A9A3-29448D54DA12}.Debug|Any CPU.Build.0 = Debug|Any CPU
		{1D8DF5F8-EEFB-4BDB-A9A3-29448D54DA12}.Release|Any CPU.ActiveCfg = Release|Any CPU
		{1D8DF5F8-EEFB-4BDB-A9A3-29448D54DA12}.Release|Any CPU.Build.0 = Release|Any CPU
		{DCCD490D-67AB-4FB0-9967-33CC0DDB8B78}.Debug|Any CPU.ActiveCfg = Debug|Any CPU
		{DCCD490D-67AB-4FB0-9967-33CC0DDB8B78}.Debug|Any CPU.Build.0 = Debug|Any CPU
		{DCCD490D-67AB-4FB0-9967-33CC0DDB8B78}.Release|Any CPU.ActiveCfg = Release|Any CPU
		{DCCD490D-67AB-4FB0-9967-33CC0DDB8B78}.Release|Any CPU.Build.0 = Release|Any CPU
		{13C7C3F1-056A-4124-903A-1BE83097D952}.Debug|Any CPU.ActiveCfg = Debug|Any CPU
		{13C7C3F1-056A-4124-903A-1BE83097D952}.Debug|Any CPU.Build.0 = Debug|Any CPU
		{13C7C3F1-056A-4124-903A-1BE83097D952}.Release|Any CPU.ActiveCfg = Release|Any CPU
		{13C7C3F1-056A-4124-903A-1BE83097D952}.Release|Any CPU.Build.0 = Release|Any CPU
		{4A334C31-0376-4CF2-9D72-527A6454F7B9}.Debug|Any CPU.ActiveCfg = Debug|Any CPU
		{4A334C31-0376-4CF2-9D72-527A6454F7B9}.Debug|Any CPU.Build.0 = Debug|Any CPU
		{4A334C31-0376-4CF2-9D72-527A6454F7B9}.Release|Any CPU.ActiveCfg = Release|Any CPU
		{4A334C31-0376-4CF2-9D72-527A6454F7B9}.Release|Any CPU.Build.0 = Release|Any CPU
		{64310594-6103-481A-9A77-49C1E7720445}.Debug|Any CPU.ActiveCfg = Debug|Any CPU
		{64310594-6103-481A-9A77-49C1E7720445}.Debug|Any CPU.Build.0 = Debug|Any CPU
		{64310594-6103-481A-9A77-49C1E7720445}.Release|Any CPU.ActiveCfg = Release|Any CPU
		{64310594-6103-481A-9A77-49C1E7720445}.Release|Any CPU.Build.0 = Release|Any CPU
		{E2F3270E-7F3F-415E-A63D-0346B4651079}.Debug|Any CPU.ActiveCfg = Debug|Any CPU
		{E2F3270E-7F3F-415E-A63D-0346B4651079}.Debug|Any CPU.Build.0 = Debug|Any CPU
		{E2F3270E-7F3F-415E-A63D-0346B4651079}.Release|Any CPU.ActiveCfg = Release|Any CPU
		{E2F3270E-7F3F-415E-A63D-0346B4651079}.Release|Any CPU.Build.0 = Release|Any CPU
		{8E3E20EA-A275-46DA-B1C2-45EA78A98B80}.Debug|Any CPU.ActiveCfg = Debug|Any CPU
		{8E3E20EA-A275-46DA-B1C2-45EA78A98B80}.Debug|Any CPU.Build.0 = Debug|Any CPU
		{8E3E20EA-A275-46DA-B1C2-45EA78A98B80}.Release|Any CPU.ActiveCfg = Release|Any CPU
		{8E3E20EA-A275-46DA-B1C2-45EA78A98B80}.Release|Any CPU.Build.0 = Release|Any CPU
		{B207C176-E4D4-4B8B-88E0-FA58B65BC6F8}.Debug|Any CPU.ActiveCfg = Debug|Any CPU
		{B207C176-E4D4-4B8B-88E0-FA58B65BC6F8}.Debug|Any CPU.Build.0 = Debug|Any CPU
		{B207C176-E4D4-4B8B-88E0-FA58B65BC6F8}.Release|Any CPU.ActiveCfg = Release|Any CPU
		{B207C176-E4D4-4B8B-88E0-FA58B65BC6F8}.Release|Any CPU.Build.0 = Release|Any CPU
		{E5FCDE85-E435-4AA7-96D8-4919CAC930CB}.Debug|Any CPU.ActiveCfg = Debug|Any CPU
		{E5FCDE85-E435-4AA7-96D8-4919CAC930CB}.Debug|Any CPU.Build.0 = Debug|Any CPU
		{E5FCDE85-E435-4AA7-96D8-4919CAC930CB}.Release|Any CPU.ActiveCfg = Release|Any CPU
		{E5FCDE85-E435-4AA7-96D8-4919CAC930CB}.Release|Any CPU.Build.0 = Release|Any CPU
		{77DA848A-7484-42E9-8FC9-E388408B8E2C}.Debug|Any CPU.ActiveCfg = Debug|Any CPU
		{77DA848A-7484-42E9-8FC9-E388408B8E2C}.Debug|Any CPU.Build.0 = Debug|Any CPU
		{77DA848A-7484-42E9-8FC9-E388408B8E2C}.Release|Any CPU.ActiveCfg = Release|Any CPU
		{77DA848A-7484-42E9-8FC9-E388408B8E2C}.Release|Any CPU.Build.0 = Release|Any CPU
		{4838AD25-DC96-4726-BFBE-4985D1632575}.Debug|Any CPU.ActiveCfg = Debug|Any CPU
		{4838AD25-DC96-4726-BFBE-4985D1632575}.Debug|Any CPU.Build.0 = Debug|Any CPU
		{4838AD25-DC96-4726-BFBE-4985D1632575}.Release|Any CPU.ActiveCfg = Release|Any CPU
		{4838AD25-DC96-4726-BFBE-4985D1632575}.Release|Any CPU.Build.0 = Release|Any CPU
		{9636F49D-09F5-45CE-83D1-6EA8AD5E6D71}.Debug|Any CPU.ActiveCfg = Debug|Any CPU
		{9636F49D-09F5-45CE-83D1-6EA8AD5E6D71}.Debug|Any CPU.Build.0 = Debug|Any CPU
		{9636F49D-09F5-45CE-83D1-6EA8AD5E6D71}.Release|Any CPU.ActiveCfg = Release|Any CPU
		{9636F49D-09F5-45CE-83D1-6EA8AD5E6D71}.Release|Any CPU.Build.0 = Release|Any CPU
		{FD932C65-2E16-4A57-9F81-F2178CA88888}.Debug|Any CPU.ActiveCfg = Debug|Any CPU
		{FD932C65-2E16-4A57-9F81-F2178CA88888}.Debug|Any CPU.Build.0 = Debug|Any CPU
		{FD932C65-2E16-4A57-9F81-F2178CA88888}.Release|Any CPU.ActiveCfg = Release|Any CPU
		{FD932C65-2E16-4A57-9F81-F2178CA88888}.Release|Any CPU.Build.0 = Release|Any CPU
		{2F7BBD33-D014-4191-89B5-0F5FDBF0C703}.Debug|Any CPU.ActiveCfg = Debug|Any CPU
		{2F7BBD33-D014-4191-89B5-0F5FDBF0C703}.Debug|Any CPU.Build.0 = Debug|Any CPU
		{2F7BBD33-D014-4191-89B5-0F5FDBF0C703}.Release|Any CPU.ActiveCfg = Release|Any CPU
		{2F7BBD33-D014-4191-89B5-0F5FDBF0C703}.Release|Any CPU.Build.0 = Release|Any CPU
		{40CB29C2-46DD-4925-9153-6CE4C1939D4A}.Debug|Any CPU.ActiveCfg = Debug|Any CPU
		{40CB29C2-46DD-4925-9153-6CE4C1939D4A}.Debug|Any CPU.Build.0 = Debug|Any CPU
		{40CB29C2-46DD-4925-9153-6CE4C1939D4A}.Release|Any CPU.ActiveCfg = Release|Any CPU
		{40CB29C2-46DD-4925-9153-6CE4C1939D4A}.Release|Any CPU.Build.0 = Release|Any CPU
		{67ACB81F-8A9E-47CA-8886-0EE12B79ABE7}.Debug|Any CPU.ActiveCfg = Debug|Any CPU
		{67ACB81F-8A9E-47CA-8886-0EE12B79ABE7}.Debug|Any CPU.Build.0 = Debug|Any CPU
		{67ACB81F-8A9E-47CA-8886-0EE12B79ABE7}.Release|Any CPU.ActiveCfg = Release|Any CPU
		{67ACB81F-8A9E-47CA-8886-0EE12B79ABE7}.Release|Any CPU.Build.0 = Release|Any CPU
		{1C2C07B0-C33E-4816-8496-E6ACE286F6AE}.Debug|Any CPU.ActiveCfg = Debug|Any CPU
		{1C2C07B0-C33E-4816-8496-E6ACE286F6AE}.Debug|Any CPU.Build.0 = Debug|Any CPU
		{1C2C07B0-C33E-4816-8496-E6ACE286F6AE}.Release|Any CPU.ActiveCfg = Release|Any CPU
		{1C2C07B0-C33E-4816-8496-E6ACE286F6AE}.Release|Any CPU.Build.0 = Release|Any CPU
		{63472B8E-5815-4D8E-B1F6-58F036498F66}.Debug|Any CPU.ActiveCfg = Debug|Any CPU
		{63472B8E-5815-4D8E-B1F6-58F036498F66}.Debug|Any CPU.Build.0 = Debug|Any CPU
		{63472B8E-5815-4D8E-B1F6-58F036498F66}.Release|Any CPU.ActiveCfg = Release|Any CPU
		{63472B8E-5815-4D8E-B1F6-58F036498F66}.Release|Any CPU.Build.0 = Release|Any CPU
		{F0B9AF6E-3EA4-4B7A-902B-8DFBB163FED6}.Debug|Any CPU.ActiveCfg = Debug|Any CPU
		{F0B9AF6E-3EA4-4B7A-902B-8DFBB163FED6}.Debug|Any CPU.Build.0 = Debug|Any CPU
		{F0B9AF6E-3EA4-4B7A-902B-8DFBB163FED6}.Release|Any CPU.ActiveCfg = Release|Any CPU
		{F0B9AF6E-3EA4-4B7A-902B-8DFBB163FED6}.Release|Any CPU.Build.0 = Release|Any CPU
		{F616F475-F805-4FE5-9733-7E629B1BB492}.Debug|Any CPU.ActiveCfg = Debug|Any CPU
		{F616F475-F805-4FE5-9733-7E629B1BB492}.Debug|Any CPU.Build.0 = Debug|Any CPU
		{F616F475-F805-4FE5-9733-7E629B1BB492}.Release|Any CPU.ActiveCfg = Release|Any CPU
		{F616F475-F805-4FE5-9733-7E629B1BB492}.Release|Any CPU.Build.0 = Release|Any CPU
		{3C02DAB1-D517-49E0-9EA7-EBB293E84476}.Debug|Any CPU.ActiveCfg = Debug|Any CPU
		{3C02DAB1-D517-49E0-9EA7-EBB293E84476}.Debug|Any CPU.Build.0 = Debug|Any CPU
		{3C02DAB1-D517-49E0-9EA7-EBB293E84476}.Release|Any CPU.ActiveCfg = Release|Any CPU
		{3C02DAB1-D517-49E0-9EA7-EBB293E84476}.Release|Any CPU.Build.0 = Release|Any CPU
		{05E4C3AB-184D-4075-A785-09CD8FF7958A}.Debug|Any CPU.ActiveCfg = Debug|Any CPU
		{05E4C3AB-184D-4075-A785-09CD8FF7958A}.Debug|Any CPU.Build.0 = Debug|Any CPU
		{05E4C3AB-184D-4075-A785-09CD8FF7958A}.Release|Any CPU.ActiveCfg = Release|Any CPU
		{05E4C3AB-184D-4075-A785-09CD8FF7958A}.Release|Any CPU.Build.0 = Release|Any CPU
		{447C75E0-2FCB-44C8-854D-8213DC35DD41}.Debug|Any CPU.ActiveCfg = Debug|Any CPU
		{447C75E0-2FCB-44C8-854D-8213DC35DD41}.Debug|Any CPU.Build.0 = Debug|Any CPU
		{447C75E0-2FCB-44C8-854D-8213DC35DD41}.Release|Any CPU.ActiveCfg = Release|Any CPU
		{447C75E0-2FCB-44C8-854D-8213DC35DD41}.Release|Any CPU.Build.0 = Release|Any CPU
		{041FA9D9-CC12-40D2-A63B-81BC50C21D73}.Debug|Any CPU.ActiveCfg = Debug|Any CPU
		{041FA9D9-CC12-40D2-A63B-81BC50C21D73}.Debug|Any CPU.Build.0 = Debug|Any CPU
		{041FA9D9-CC12-40D2-A63B-81BC50C21D73}.Release|Any CPU.ActiveCfg = Release|Any CPU
		{041FA9D9-CC12-40D2-A63B-81BC50C21D73}.Release|Any CPU.Build.0 = Release|Any CPU
		{80411B3A-083C-4B74-85D1-EAB238917FC0}.Debug|Any CPU.ActiveCfg = Debug|Any CPU
		{80411B3A-083C-4B74-85D1-EAB238917FC0}.Debug|Any CPU.Build.0 = Debug|Any CPU
		{80411B3A-083C-4B74-85D1-EAB238917FC0}.Release|Any CPU.ActiveCfg = Release|Any CPU
		{80411B3A-083C-4B74-85D1-EAB238917FC0}.Release|Any CPU.Build.0 = Release|Any CPU
		{1E6F49A4-6170-45FA-A947-843645516154}.Debug|Any CPU.ActiveCfg = Debug|Any CPU
		{1E6F49A4-6170-45FA-A947-843645516154}.Debug|Any CPU.Build.0 = Debug|Any CPU
		{1E6F49A4-6170-45FA-A947-843645516154}.Release|Any CPU.ActiveCfg = Release|Any CPU
		{1E6F49A4-6170-45FA-A947-843645516154}.Release|Any CPU.Build.0 = Release|Any CPU
		{1466343F-3644-47C6-A427-9E2C8D779009}.Debug|Any CPU.ActiveCfg = Debug|Any CPU
		{1466343F-3644-47C6-A427-9E2C8D779009}.Debug|Any CPU.Build.0 = Debug|Any CPU
		{1466343F-3644-47C6-A427-9E2C8D779009}.Release|Any CPU.ActiveCfg = Release|Any CPU
		{1466343F-3644-47C6-A427-9E2C8D779009}.Release|Any CPU.Build.0 = Release|Any CPU
		{857DCFB5-502E-4A4E-AB6E-46DDC7BFB792}.Debug|Any CPU.ActiveCfg = Debug|Any CPU
		{857DCFB5-502E-4A4E-AB6E-46DDC7BFB792}.Debug|Any CPU.Build.0 = Debug|Any CPU
		{857DCFB5-502E-4A4E-AB6E-46DDC7BFB792}.Release|Any CPU.ActiveCfg = Release|Any CPU
		{857DCFB5-502E-4A4E-AB6E-46DDC7BFB792}.Release|Any CPU.Build.0 = Release|Any CPU
		{A36EFAFD-DBBC-4D25-862D-38EA91184219}.Debug|Any CPU.ActiveCfg = Debug|Any CPU
		{A36EFAFD-DBBC-4D25-862D-38EA91184219}.Debug|Any CPU.Build.0 = Debug|Any CPU
		{A36EFAFD-DBBC-4D25-862D-38EA91184219}.Release|Any CPU.ActiveCfg = Release|Any CPU
		{A36EFAFD-DBBC-4D25-862D-38EA91184219}.Release|Any CPU.Build.0 = Release|Any CPU
		{3C205124-6F36-4341-907A-9199B4164623}.Debug|Any CPU.ActiveCfg = Debug|Any CPU
		{3C205124-6F36-4341-907A-9199B4164623}.Debug|Any CPU.Build.0 = Debug|Any CPU
		{3C205124-6F36-4341-907A-9199B4164623}.Release|Any CPU.ActiveCfg = Release|Any CPU
		{3C205124-6F36-4341-907A-9199B4164623}.Release|Any CPU.Build.0 = Release|Any CPU
	EndGlobalSection
	GlobalSection(SolutionProperties) = preSolution
		HideSolutionNode = FALSE
	EndGlobalSection
	GlobalSection(ExtensibilityGlobals) = postSolution
		SolutionGuid = {031AB354-47F3-4C37-B1AA-0F0B5F62BC63}
	EndGlobalSection
EndGlobal
